
Microsoft Visual Studio Solution File, Format Version 12.00
# Visual Studio 2012
Project("{FAE04EC0-301F-11D3-BF4B-00C04F79EFBC}") = "Assessment", "Assessment\Assessment.csproj", "{69E1A9D6-B604-42EE-8710-5C154D8B341E}"
EndProject
Project("{FAE04EC0-301F-11D3-BF4B-00C04F79EFBC}") = "Assessment.Tests", "Assessment.Tests\Assessment.Tests.csproj", "{2597F95B-144D-402E-A504-D1265CCED8F0}"
EndProject
Global
	GlobalSection(SolutionConfigurationPlatforms) = preSolution
		Debug|Any CPU = Debug|Any CPU
		Release|Any CPU = Release|Any CPU
	EndGlobalSection
	GlobalSection(ProjectConfigurationPlatforms) = postSolution
		{69E1A9D6-B604-42EE-8710-5C154D8B341E}.Debug|Any CPU.ActiveCfg = Debug|Any CPU
		{69E1A9D6-B604-42EE-8710-5C154D8B341E}.Debug|Any CPU.Build.0 = Debug|Any CPU
		{69E1A9D6-B604-42EE-8710-5C154D8B341E}.Release|Any CPU.ActiveCfg = Release|Any CPU
		{69E1A9D6-B604-42EE-8710-5C154D8B341E}.Release|Any CPU.Build.0 = Release|Any CPU
		{2597F95B-144D-402E-A504-D1265CCED8F0}.Debug|Any CPU.ActiveCfg = Debug|Any CPU
		{2597F95B-144D-402E-A504-D1265CCED8F0}.Debug|Any CPU.Build.0 = Debug|Any CPU
		{2597F95B-144D-402E-A504-D1265CCED8F0}.Release|Any CPU.ActiveCfg = Release|Any CPU
		{2597F95B-144D-402E-A504-D1265CCED8F0}.Release|Any CPU.Build.0 = Release|Any CPU
	EndGlobalSection
EndGlobal
